
Microsoft Visual Studio Solution File, Format Version 12.00
# Visual Studio Version 17
VisualStudioVersion = 17.9.34616.47
MinimumVisualStudioVersion = 10.0.40219.1
Project("{FAE04EC0-301F-11D3-BF4B-00C04F79EFBC}") = "EuroleagueStatisticsBackend", "EuroleagueStatisticsBackend\EuroleagueStatisticsBackend.csproj", "{2F752D46-3C59-4B90-B306-281B5B379B56}"
EndProject
Global
	GlobalSection(SolutionConfigurationPlatforms) = preSolution
		Debug|Any CPU = Debug|Any CPU
		Release|Any CPU = Release|Any CPU
	EndGlobalSection
	GlobalSection(ProjectConfigurationPlatforms) = postSolution
		{2F752D46-3C59-4B90-B306-281B5B379B56}.Debug|Any CPU.ActiveCfg = Debug|Any CPU
		{2F752D46-3C59-4B90-B306-281B5B379B56}.Debug|Any CPU.Build.0 = Debug|Any CPU
		{2F752D46-3C59-4B90-B306-281B5B379B56}.Release|Any CPU.ActiveCfg = Release|Any CPU
		{2F752D46-3C59-4B90-B306-281B5B379B56}.Release|Any CPU.Build.0 = Release|Any CPU
	EndGlobalSection
	GlobalSection(SolutionProperties) = preSolution
		HideSolutionNode = FALSE
	EndGlobalSection
	GlobalSection(ExtensibilityGlobals) = postSolution
		SolutionGuid = {ECEA8EC2-9F4D-4476-8293-F9F9852D5660}
	EndGlobalSection
EndGlobal
